// !$*UTF8*$!
{
	archiveVersion = 1;
	classes = {
	};
	objectVersion = 55;
	objects = {

/* Begin PBXBuildFile section */
		3BF70B31C2D8CF6B05132796 /* Pods_dMessage.framework in Frameworks */ = {isa = PBXBuildFile; fileRef = 0EE095A3EA10D6A892060BC1 /* Pods_dMessage.framework */; };
		C80ACB2027FD849B00018875 /* AppDelegate.swift in Sources */ = {isa = PBXBuildFile; fileRef = C80ACB1F27FD849B00018875 /* AppDelegate.swift */; };
		C80ACB2227FD849B00018875 /* SceneDelegate.swift in Sources */ = {isa = PBXBuildFile; fileRef = C80ACB2127FD849B00018875 /* SceneDelegate.swift */; };
		C80ACB2427FD849B00018875 /* ConversationsViewController.swift in Sources */ = {isa = PBXBuildFile; fileRef = C80ACB2327FD849B00018875 /* ConversationsViewController.swift */; };
		C80ACB2727FD849B00018875 /* Main.storyboard in Resources */ = {isa = PBXBuildFile; fileRef = C80ACB2527FD849B00018875 /* Main.storyboard */; };
		C80ACB2927FD849D00018875 /* Assets.xcassets in Resources */ = {isa = PBXBuildFile; fileRef = C80ACB2827FD849D00018875 /* Assets.xcassets */; };
		C858F4852803ED2E002A4F9D /* LoginViewController.swift in Sources */ = {isa = PBXBuildFile; fileRef = C858F4842803ED2E002A4F9D /* LoginViewController.swift */; };
		C858F4872803ED4E002A4F9D /* RegisterViewController.swift in Sources */ = {isa = PBXBuildFile; fileRef = C858F4862803ED4E002A4F9D /* RegisterViewController.swift */; };
		C858F4892803ED60002A4F9D /* PhotoViewerViewController.swift in Sources */ = {isa = PBXBuildFile; fileRef = C858F4882803ED60002A4F9D /* PhotoViewerViewController.swift */; };
		C858F48B2803ED71002A4F9D /* VideoPlayerViewController.swift in Sources */ = {isa = PBXBuildFile; fileRef = C858F48A2803ED70002A4F9D /* VideoPlayerViewController.swift */; };
		C858F48D2803ED90002A4F9D /* NewConversationViewController.swift in Sources */ = {isa = PBXBuildFile; fileRef = C858F48C2803ED90002A4F9D /* NewConversationViewController.swift */; };
		C858F48F2803ED9F002A4F9D /* ProfileViewController.swift in Sources */ = {isa = PBXBuildFile; fileRef = C858F48E2803ED9F002A4F9D /* ProfileViewController.swift */; };
		C858F4932803F2C6002A4F9D /* Launch Screen.storyboard in Resources */ = {isa = PBXBuildFile; fileRef = C858F4922803F2C6002A4F9D /* Launch Screen.storyboard */; };
/* End PBXBuildFile section */

/* Begin PBXFileReference section */
		0BC7293AEEDDFE391F6D5D77 /* Pods-dMessage.release.xcconfig */ = {isa = PBXFileReference; includeInIndex = 1; lastKnownFileType = text.xcconfig; name = "Pods-dMessage.release.xcconfig"; path = "Target Support Files/Pods-dMessage/Pods-dMessage.release.xcconfig"; sourceTree = "<group>"; };
		0EE095A3EA10D6A892060BC1 /* Pods_dMessage.framework */ = {isa = PBXFileReference; explicitFileType = wrapper.framework; includeInIndex = 0; path = Pods_dMessage.framework; sourceTree = BUILT_PRODUCTS_DIR; };
		AFF4074593C79017E5203355 /* Pods-dMessage.debug.xcconfig */ = {isa = PBXFileReference; includeInIndex = 1; lastKnownFileType = text.xcconfig; name = "Pods-dMessage.debug.xcconfig"; path = "Target Support Files/Pods-dMessage/Pods-dMessage.debug.xcconfig"; sourceTree = "<group>"; };
		C80ACB1C27FD849B00018875 /* dMessage.app */ = {isa = PBXFileReference; explicitFileType = wrapper.application; includeInIndex = 0; path = dMessage.app; sourceTree = BUILT_PRODUCTS_DIR; };
		C80ACB1F27FD849B00018875 /* AppDelegate.swift */ = {isa = PBXFileReference; lastKnownFileType = sourcecode.swift; path = AppDelegate.swift; sourceTree = "<group>"; };
		C80ACB2127FD849B00018875 /* SceneDelegate.swift */ = {isa = PBXFileReference; lastKnownFileType = sourcecode.swift; path = SceneDelegate.swift; sourceTree = "<group>"; };
		C80ACB2327FD849B00018875 /* ConversationsViewController.swift */ = {isa = PBXFileReference; lastKnownFileType = sourcecode.swift; path = ConversationsViewController.swift; sourceTree = "<group>"; };
		C80ACB2627FD849B00018875 /* Base */ = {isa = PBXFileReference; lastKnownFileType = file.storyboard; name = Base; path = Base.lproj/Main.storyboard; sourceTree = "<group>"; };
		C80ACB2827FD849D00018875 /* Assets.xcassets */ = {isa = PBXFileReference; lastKnownFileType = folder.assetcatalog; path = Assets.xcassets; sourceTree = "<group>"; };
		C80ACB2D27FD849D00018875 /* Info.plist */ = {isa = PBXFileReference; lastKnownFileType = text.plist.xml; path = Info.plist; sourceTree = "<group>"; };
		C858F4842803ED2E002A4F9D /* LoginViewController.swift */ = {isa = PBXFileReference; lastKnownFileType = sourcecode.swift; path = LoginViewController.swift; sourceTree = "<group>"; };
		C858F4862803ED4E002A4F9D /* RegisterViewController.swift */ = {isa = PBXFileReference; lastKnownFileType = sourcecode.swift; path = RegisterViewController.swift; sourceTree = "<group>"; };
		C858F4882803ED60002A4F9D /* PhotoViewerViewController.swift */ = {isa = PBXFileReference; lastKnownFileType = sourcecode.swift; path = PhotoViewerViewController.swift; sourceTree = "<group>"; };
		C858F48A2803ED70002A4F9D /* VideoPlayerViewController.swift */ = {isa = PBXFileReference; lastKnownFileType = sourcecode.swift; path = VideoPlayerViewController.swift; sourceTree = "<group>"; };
		C858F48C2803ED90002A4F9D /* NewConversationViewController.swift */ = {isa = PBXFileReference; lastKnownFileType = sourcecode.swift; path = NewConversationViewController.swift; sourceTree = "<group>"; };
		C858F48E2803ED9F002A4F9D /* ProfileViewController.swift */ = {isa = PBXFileReference; lastKnownFileType = sourcecode.swift; path = ProfileViewController.swift; sourceTree = "<group>"; };
		C858F4922803F2C6002A4F9D /* Launch Screen.storyboard */ = {isa = PBXFileReference; lastKnownFileType = file.storyboard; path = "Launch Screen.storyboard"; sourceTree = "<group>"; };
/* End PBXFileReference section */

/* Begin PBXFrameworksBuildPhase section */
		C80ACB1927FD849B00018875 /* Frameworks */ = {
			isa = PBXFrameworksBuildPhase;
			buildActionMask = 2147483647;
			files = (
				3BF70B31C2D8CF6B05132796 /* Pods_dMessage.framework in Frameworks */,
			);
			runOnlyForDeploymentPostprocessing = 0;
		};
/* End PBXFrameworksBuildPhase section */

/* Begin PBXGroup section */
		2BCFF983503E8E7955BF9748 /* Pods */ = {
			isa = PBXGroup;
			children = (
				AFF4074593C79017E5203355 /* Pods-dMessage.debug.xcconfig */,
				0BC7293AEEDDFE391F6D5D77 /* Pods-dMessage.release.xcconfig */,
			);
			path = Pods;
			sourceTree = "<group>";
		};
		C70D68D65CEC44ED1E739A8F /* Frameworks */ = {
			isa = PBXGroup;
			children = (
				0EE095A3EA10D6A892060BC1 /* Pods_dMessage.framework */,
			);
			name = Frameworks;
			sourceTree = "<group>";
		};
		C80ACB1327FD849B00018875 = {
			isa = PBXGroup;
			children = (
				C80ACB1E27FD849B00018875 /* dMessage */,
				C80ACB1D27FD849B00018875 /* Products */,
				2BCFF983503E8E7955BF9748 /* Pods */,
				C70D68D65CEC44ED1E739A8F /* Frameworks */,
			);
			sourceTree = "<group>";
		};
		C80ACB1D27FD849B00018875 /* Products */ = {
			isa = PBXGroup;
			children = (
				C80ACB1C27FD849B00018875 /* dMessage.app */,
			);
			name = Products;
			sourceTree = "<group>";
		};
		C80ACB1E27FD849B00018875 /* dMessage */ = {
			isa = PBXGroup;
			children = (
				C8A632C527FD87DE00189C45 /* Resources */,
				C8A632C427FD87D800189C45 /* ViewModels */,
				C8A632C327FD87CF00189C45 /* Models */,
				C8A632C227FD87CA00189C45 /* Views */,
				C8A632C127FD87C100189C45 /* Controllers */,
				C80ACB2D27FD849D00018875 /* Info.plist */,
			);
			path = dMessage;
			sourceTree = "<group>";
		};
		C858F4912803EEB8002A4F9D /* Login */ = {
			isa = PBXGroup;
			children = (
				C858F4842803ED2E002A4F9D /* LoginViewController.swift */,
				C858F4862803ED4E002A4F9D /* RegisterViewController.swift */,
			);
			path = Login;
			sourceTree = "<group>";
		};
		C8A632C127FD87C100189C45 /* Controllers */ = {
			isa = PBXGroup;
			children = (
				C80ACB2327FD849B00018875 /* ConversationsViewController.swift */,
				C858F4912803EEB8002A4F9D /* Login */,
				C858F4882803ED60002A4F9D /* PhotoViewerViewController.swift */,
				C858F48A2803ED70002A4F9D /* VideoPlayerViewController.swift */,
				C858F48C2803ED90002A4F9D /* NewConversationViewController.swift */,
				C858F48E2803ED9F002A4F9D /* ProfileViewController.swift */,
			);
			path = Controllers;
			sourceTree = "<group>";
		};
		C8A632C227FD87CA00189C45 /* Views */ = {
			isa = PBXGroup;
			children = (
				C8A632C627FD883500189C45 /* Storyboards */,
				C80ACB2827FD849D00018875 /* Assets.xcassets */,
			);
			path = Views;
			sourceTree = "<group>";
		};
		C8A632C327FD87CF00189C45 /* Models */ = {
			isa = PBXGroup;
			children = (
			);
			path = Models;
			sourceTree = "<group>";
		};
		C8A632C427FD87D800189C45 /* ViewModels */ = {
			isa = PBXGroup;
			children = (
			);
			path = ViewModels;
			sourceTree = "<group>";
		};
		C8A632C527FD87DE00189C45 /* Resources */ = {
			isa = PBXGroup;
			children = (
				C80ACB1F27FD849B00018875 /* AppDelegate.swift */,
				C80ACB2127FD849B00018875 /* SceneDelegate.swift */,
			);
			path = Resources;
			sourceTree = "<group>";
		};
		C8A632C627FD883500189C45 /* Storyboards */ = {
			isa = PBXGroup;
			children = (
				C80ACB2527FD849B00018875 /* Main.storyboard */,
				C858F4922803F2C6002A4F9D /* Launch Screen.storyboard */,
			);
			path = Storyboards;
			sourceTree = "<group>";
		};
/* End PBXGroup section */

/* Begin PBXNativeTarget section */
		C80ACB1B27FD849B00018875 /* dMessage */ = {
			isa = PBXNativeTarget;
			buildConfigurationList = C80ACB3027FD849D00018875 /* Build configuration list for PBXNativeTarget "dMessage" */;
			buildPhases = (
				7D41C6033FE8847B876835BA /* [CP] Check Pods Manifest.lock */,
				C80ACB1827FD849B00018875 /* Sources */,
				C80ACB1927FD849B00018875 /* Frameworks */,
				C80ACB1A27FD849B00018875 /* Resources */,
				E631ECD0D7C57C54264CC027 /* [CP] Embed Pods Frameworks */,
			);
			buildRules = (
			);
			dependencies = (
			);
			name = dMessage;
			productName = dMessage;
			productReference = C80ACB1C27FD849B00018875 /* dMessage.app */;
			productType = "com.apple.product-type.application";
		};
/* End PBXNativeTarget section */

/* Begin PBXProject section */
		C80ACB1427FD849B00018875 /* Project object */ = {
			isa = PBXProject;
			attributes = {
				BuildIndependentTargetsInParallel = 1;
				LastSwiftUpdateCheck = 1330;
				LastUpgradeCheck = 1330;
				TargetAttributes = {
					C80ACB1B27FD849B00018875 = {
						CreatedOnToolsVersion = 13.3;
					};
				};
			};
			buildConfigurationList = C80ACB1727FD849B00018875 /* Build configuration list for PBXProject "dMessage" */;
			compatibilityVersion = "Xcode 13.0";
			developmentRegion = en;
			hasScannedForEncodings = 0;
			knownRegions = (
				en,
				Base,
			);
			mainGroup = C80ACB1327FD849B00018875;
			productRefGroup = C80ACB1D27FD849B00018875 /* Products */;
			projectDirPath = "";
			projectRoot = "";
			targets = (
				C80ACB1B27FD849B00018875 /* dMessage */,
			);
		};
/* End PBXProject section */

/* Begin PBXResourcesBuildPhase section */
		C80ACB1A27FD849B00018875 /* Resources */ = {
			isa = PBXResourcesBuildPhase;
			buildActionMask = 2147483647;
			files = (
				C858F4932803F2C6002A4F9D /* Launch Screen.storyboard in Resources */,
				C80ACB2927FD849D00018875 /* Assets.xcassets in Resources */,
				C80ACB2727FD849B00018875 /* Main.storyboard in Resources */,
			);
			runOnlyForDeploymentPostprocessing = 0;
		};
/* End PBXResourcesBuildPhase section */

/* Begin PBXShellScriptBuildPhase section */
		7D41C6033FE8847B876835BA /* [CP] Check Pods Manifest.lock */ = {
			isa = PBXShellScriptBuildPhase;
			buildActionMask = 2147483647;
			files = (
			);
			inputFileListPaths = (
			);
			inputPaths = (
				"${PODS_PODFILE_DIR_PATH}/Podfile.lock",
				"${PODS_ROOT}/Manifest.lock",
			);
			name = "[CP] Check Pods Manifest.lock";
			outputFileListPaths = (
			);
			outputPaths = (
				"$(DERIVED_FILE_DIR)/Pods-dMessage-checkManifestLockResult.txt",
			);
			runOnlyForDeploymentPostprocessing = 0;
			shellPath = /bin/sh;
			shellScript = "diff \"${PODS_PODFILE_DIR_PATH}/Podfile.lock\" \"${PODS_ROOT}/Manifest.lock\" > /dev/null\nif [ $? != 0 ] ; then\n    # print error to STDERR\n    echo \"error: The sandbox is not in sync with the Podfile.lock. Run 'pod install' or update your CocoaPods installation.\" >&2\n    exit 1\nfi\n# This output is used by Xcode 'outputs' to avoid re-running this script phase.\necho \"SUCCESS\" > \"${SCRIPT_OUTPUT_FILE_0}\"\n";
			showEnvVarsInLog = 0;
		};
		E631ECD0D7C57C54264CC027 /* [CP] Embed Pods Frameworks */ = {
			isa = PBXShellScriptBuildPhase;
			buildActionMask = 2147483647;
			files = (
			);
			inputFileListPaths = (
				"${PODS_ROOT}/Target Support Files/Pods-dMessage/Pods-dMessage-frameworks-${CONFIGURATION}-input-files.xcfilelist",
			);
			name = "[CP] Embed Pods Frameworks";
			outputFileListPaths = (
				"${PODS_ROOT}/Target Support Files/Pods-dMessage/Pods-dMessage-frameworks-${CONFIGURATION}-output-files.xcfilelist",
			);
			runOnlyForDeploymentPostprocessing = 0;
			shellPath = /bin/sh;
			shellScript = "\"${PODS_ROOT}/Target Support Files/Pods-dMessage/Pods-dMessage-frameworks.sh\"\n";
			showEnvVarsInLog = 0;
		};
/* End PBXShellScriptBuildPhase section */

/* Begin PBXSourcesBuildPhase section */
		C80ACB1827FD849B00018875 /* Sources */ = {
			isa = PBXSourcesBuildPhase;
			buildActionMask = 2147483647;
			files = (
				C858F4852803ED2E002A4F9D /* LoginViewController.swift in Sources */,
				C858F4872803ED4E002A4F9D /* RegisterViewController.swift in Sources */,
				C858F48D2803ED90002A4F9D /* NewConversationViewController.swift in Sources */,
				C80ACB2427FD849B00018875 /* ConversationsViewController.swift in Sources */,
				C858F48B2803ED71002A4F9D /* VideoPlayerViewController.swift in Sources */,
				C80ACB2027FD849B00018875 /* AppDelegate.swift in Sources */,
				C858F48F2803ED9F002A4F9D /* ProfileViewController.swift in Sources */,
				C80ACB2227FD849B00018875 /* SceneDelegate.swift in Sources */,
				C858F4892803ED60002A4F9D /* PhotoViewerViewController.swift in Sources */,
			);
			runOnlyForDeploymentPostprocessing = 0;
		};
/* End PBXSourcesBuildPhase section */

/* Begin PBXVariantGroup section */
		C80ACB2527FD849B00018875 /* Main.storyboard */ = {
			isa = PBXVariantGroup;
			children = (
				C80ACB2627FD849B00018875 /* Base */,
			);
			name = Main.storyboard;
			sourceTree = "<group>";
		};
/* End PBXVariantGroup section */

/* Begin XCBuildConfiguration section */
		C80ACB2E27FD849D00018875 /* Debug */ = {
			isa = XCBuildConfiguration;
			buildSettings = {
				ALWAYS_SEARCH_USER_PATHS = NO;
				CLANG_ANALYZER_NONNULL = YES;
				CLANG_ANALYZER_NUMBER_OBJECT_CONVERSION = YES_AGGRESSIVE;
				CLANG_CXX_LANGUAGE_STANDARD = "gnu++17";
				CLANG_ENABLE_MODULES = YES;
				CLANG_ENABLE_OBJC_ARC = YES;
				CLANG_ENABLE_OBJC_WEAK = YES;
				CLANG_WARN_BLOCK_CAPTURE_AUTORELEASING = YES;
				CLANG_WARN_BOOL_CONVERSION = YES;
				CLANG_WARN_COMMA = YES;
				CLANG_WARN_CONSTANT_CONVERSION = YES;
				CLANG_WARN_DEPRECATED_OBJC_IMPLEMENTATIONS = YES;
				CLANG_WARN_DIRECT_OBJC_ISA_USAGE = YES_ERROR;
				CLANG_WARN_DOCUMENTATION_COMMENTS = YES;
				CLANG_WARN_EMPTY_BODY = YES;
				CLANG_WARN_ENUM_CONVERSION = YES;
				CLANG_WARN_INFINITE_RECURSION = YES;
				CLANG_WARN_INT_CONVERSION = YES;
				CLANG_WARN_NON_LITERAL_NULL_CONVERSION = YES;
				CLANG_WARN_OBJC_IMPLICIT_RETAIN_SELF = YES;
				CLANG_WARN_OBJC_LITERAL_CONVERSION = YES;
				CLANG_WARN_OBJC_ROOT_CLASS = YES_ERROR;
				CLANG_WARN_QUOTED_INCLUDE_IN_FRAMEWORK_HEADER = YES;
				CLANG_WARN_RANGE_LOOP_ANALYSIS = YES;
				CLANG_WARN_STRICT_PROTOTYPES = YES;
				CLANG_WARN_SUSPICIOUS_MOVE = YES;
				CLANG_WARN_UNGUARDED_AVAILABILITY = YES_AGGRESSIVE;
				CLANG_WARN_UNREACHABLE_CODE = YES;
				CLANG_WARN__DUPLICATE_METHOD_MATCH = YES;
				COPY_PHASE_STRIP = NO;
				DEBUG_INFORMATION_FORMAT = dwarf;
				ENABLE_STRICT_OBJC_MSGSEND = YES;
				ENABLE_TESTABILITY = YES;
				GCC_C_LANGUAGE_STANDARD = gnu11;
				GCC_DYNAMIC_NO_PIC = NO;
				GCC_NO_COMMON_BLOCKS = YES;
				GCC_OPTIMIZATION_LEVEL = 0;
				GCC_PREPROCESSOR_DEFINITIONS = (
					"DEBUG=1",
					"$(inherited)",
				);
				GCC_WARN_64_TO_32_BIT_CONVERSION = YES;
				GCC_WARN_ABOUT_RETURN_TYPE = YES_ERROR;
				GCC_WARN_UNDECLARED_SELECTOR = YES;
				GCC_WARN_UNINITIALIZED_AUTOS = YES_AGGRESSIVE;
				GCC_WARN_UNUSED_FUNCTION = YES;
				GCC_WARN_UNUSED_VARIABLE = YES;
				IPHONEOS_DEPLOYMENT_TARGET = 15.4;
				MTL_ENABLE_DEBUG_INFO = INCLUDE_SOURCE;
				MTL_FAST_MATH = YES;
				ONLY_ACTIVE_ARCH = YES;
				SDKROOT = iphoneos;
				SWIFT_ACTIVE_COMPILATION_CONDITIONS = DEBUG;
				SWIFT_OPTIMIZATION_LEVEL = "-Onone";
			};
			name = Debug;
		};
		C80ACB2F27FD849D00018875 /* Release */ = {
			isa = XCBuildConfiguration;
			buildSettings = {
				ALWAYS_SEARCH_USER_PATHS = NO;
				CLANG_ANALYZER_NONNULL = YES;
				CLANG_ANALYZER_NUMBER_OBJECT_CONVERSION = YES_AGGRESSIVE;
				CLANG_CXX_LANGUAGE_STANDARD = "gnu++17";
				CLANG_ENABLE_MODULES = YES;
				CLANG_ENABLE_OBJC_ARC = YES;
				CLANG_ENABLE_OBJC_WEAK = YES;
				CLANG_WARN_BLOCK_CAPTURE_AUTORELEASING = YES;
				CLANG_WARN_BOOL_CONVERSION = YES;
				CLANG_WARN_COMMA = YES;
				CLANG_WARN_CONSTANT_CONVERSION = YES;
				CLANG_WARN_DEPRECATED_OBJC_IMPLEMENTATIONS = YES;
				CLANG_WARN_DIRECT_OBJC_ISA_USAGE = YES_ERROR;
				CLANG_WARN_DOCUMENTATION_COMMENTS = YES;
				CLANG_WARN_EMPTY_BODY = YES;
				CLANG_WARN_ENUM_CONVERSION = YES;
				CLANG_WARN_INFINITE_RECURSION = YES;
				CLANG_WARN_INT_CONVERSION = YES;
				CLANG_WARN_NON_LITERAL_NULL_CONVERSION = YES;
				CLANG_WARN_OBJC_IMPLICIT_RETAIN_SELF = YES;
				CLANG_WARN_OBJC_LITERAL_CONVERSION = YES;
				CLANG_WARN_OBJC_ROOT_CLASS = YES_ERROR;
				CLANG_WARN_QUOTED_INCLUDE_IN_FRAMEWORK_HEADER = YES;
				CLANG_WARN_RANGE_LOOP_ANALYSIS = YES;
				CLANG_WARN_STRICT_PROTOTYPES = YES;
				CLANG_WARN_SUSPICIOUS_MOVE = YES;
				CLANG_WARN_UNGUARDED_AVAILABILITY = YES_AGGRESSIVE;
				CLANG_WARN_UNREACHABLE_CODE = YES;
				CLANG_WARN__DUPLICATE_METHOD_MATCH = YES;
				COPY_PHASE_STRIP = NO;
				DEBUG_INFORMATION_FORMAT = "dwarf-with-dsym";
				ENABLE_NS_ASSERTIONS = NO;
				ENABLE_STRICT_OBJC_MSGSEND = YES;
				GCC_C_LANGUAGE_STANDARD = gnu11;
				GCC_NO_COMMON_BLOCKS = YES;
				GCC_WARN_64_TO_32_BIT_CONVERSION = YES;
				GCC_WARN_ABOUT_RETURN_TYPE = YES_ERROR;
				GCC_WARN_UNDECLARED_SELECTOR = YES;
				GCC_WARN_UNINITIALIZED_AUTOS = YES_AGGRESSIVE;
				GCC_WARN_UNUSED_FUNCTION = YES;
				GCC_WARN_UNUSED_VARIABLE = YES;
				IPHONEOS_DEPLOYMENT_TARGET = 15.4;
				MTL_ENABLE_DEBUG_INFO = NO;
				MTL_FAST_MATH = YES;
				SDKROOT = iphoneos;
				SWIFT_COMPILATION_MODE = wholemodule;
				SWIFT_OPTIMIZATION_LEVEL = "-O";
				VALIDATE_PRODUCT = YES;
			};
			name = Release;
		};
		C80ACB3127FD849D00018875 /* Debug */ = {
			isa = XCBuildConfiguration;
			baseConfigurationReference = AFF4074593C79017E5203355 /* Pods-dMessage.debug.xcconfig */;
			buildSettings = {
				ASSETCATALOG_COMPILER_APPICON_NAME = AppIcon;
				ASSETCATALOG_COMPILER_GLOBAL_ACCENT_COLOR_NAME = AccentColor;
				CODE_SIGN_STYLE = Automatic;
				CURRENT_PROJECT_VERSION = 1;
				DEVELOPMENT_TEAM = H5A52AJSR2;
				GENERATE_INFOPLIST_FILE = YES;
				INFOPLIST_FILE = dMessage/Info.plist;
				INFOPLIST_KEY_UIApplicationSupportsIndirectInputEvents = YES;
				INFOPLIST_KEY_UILaunchStoryboardName = LaunchScreen;
				INFOPLIST_KEY_UIMainStoryboardFile = Main;
				INFOPLIST_KEY_UISupportedInterfaceOrientations = UIInterfaceOrientationPortrait;
				INFOPLIST_KEY_UISupportedInterfaceOrientations_iPad = "UIInterfaceOrientationPortrait UIInterfaceOrientationPortraitUpsideDown UIInterfaceOrientationLandscapeLeft UIInterfaceOrientationLandscapeRight";
				INFOPLIST_KEY_UISupportedInterfaceOrientations_iPhone = "UIInterfaceOrientationPortrait UIInterfaceOrientationLandscapeLeft UIInterfaceOrientationLandscapeRight";
				IPHONEOS_DEPLOYMENT_TARGET = 15.4;
				LD_RUNPATH_SEARCH_PATHS = (
					"$(inherited)",
					"@executable_path/Frameworks",
				);
				MARKETING_VERSION = 1.0;
				PRODUCT_BUNDLE_IDENTIFIER = com.dhruba.dMessage;
				PRODUCT_NAME = "$(TARGET_NAME)";
				SWIFT_EMIT_LOC_STRINGS = YES;
				SWIFT_VERSION = 5.0;
				TARGETED_DEVICE_FAMILY = "1,2";
			};
			name = Debug;
		};
		C80ACB3227FD849D00018875 /* Release */ = {
			isa = XCBuildConfiguration;
			baseConfigurationReference = 0BC7293AEEDDFE391F6D5D77 /* Pods-dMessage.release.xcconfig */;
			buildSettings = {
				ASSETCATALOG_COMPILER_APPICON_NAME = AppIcon;
				ASSETCATALOG_COMPILER_GLOBAL_ACCENT_COLOR_NAME = AccentColor;
				CODE_SIGN_STYLE = Automatic;
				CURRENT_PROJECT_VERSION = 1;
				DEVELOPMENT_TEAM = H5A52AJSR2;
				GENERATE_INFOPLIST_FILE = YES;
				INFOPLIST_FILE = dMessage/Info.plist;
				INFOPLIST_KEY_UIApplicationSupportsIndirectInputEvents = YES;
				INFOPLIST_KEY_UILaunchStoryboardName = LaunchScreen;
				INFOPLIST_KEY_UIMainStoryboardFile = Main;
				INFOPLIST_KEY_UISupportedInterfaceOrientations = UIInterfaceOrientationPortrait;
				INFOPLIST_KEY_UISupportedInterfaceOrientations_iPad = "UIInterfaceOrientationPortrait UIInterfaceOrientationPortraitUpsideDown UIInterfaceOrientationLandscapeLeft UIInterfaceOrientationLandscapeRight";
				INFOPLIST_KEY_UISupportedInterfaceOrientations_iPhone = "UIInterfaceOrientationPortrait UIInterfaceOrientationLandscapeLeft UIInterfaceOrientationLandscapeRight";
				IPHONEOS_DEPLOYMENT_TARGET = 15.4;
				LD_RUNPATH_SEARCH_PATHS = (
					"$(inherited)",
					"@executable_path/Frameworks",
				);
				MARKETING_VERSION = 1.0;
				PRODUCT_BUNDLE_IDENTIFIER = com.dhruba.dMessage;
				PRODUCT_NAME = "$(TARGET_NAME)";
				SWIFT_EMIT_LOC_STRINGS = YES;
				SWIFT_VERSION = 5.0;
				TARGETED_DEVICE_FAMILY = "1,2";
			};
			name = Release;
		};
/* End XCBuildConfiguration section */

/* Begin XCConfigurationList section */
		C80ACB1727FD849B00018875 /* Build configuration list for PBXProject "dMessage" */ = {
			isa = XCConfigurationList;
			buildConfigurations = (
				C80ACB2E27FD849D00018875 /* Debug */,
				C80ACB2F27FD849D00018875 /* Release */,
			);
			defaultConfigurationIsVisible = 0;
			defaultConfigurationName = Release;
		};
		C80ACB3027FD849D00018875 /* Build configuration list for PBXNativeTarget "dMessage" */ = {
			isa = XCConfigurationList;
			buildConfigurations = (
				C80ACB3127FD849D00018875 /* Debug */,
				C80ACB3227FD849D00018875 /* Release */,
			);
			defaultConfigurationIsVisible = 0;
			defaultConfigurationName = Release;
		};
/* End XCConfigurationList section */
	};
	rootObject = C80ACB1427FD849B00018875 /* Project object */;
}
